
Microsoft Visual Studio Solution File, Format Version 12.00
# Visual Studio Version 17
VisualStudioVersion = 17.4.33122.133
MinimumVisualStudioVersion = 10.0.40219.1
Project("{FAE04EC0-301F-11D3-BF4B-00C04F79EFBC}") = "ConsoleApp1", "ConsoleApp1.csproj", "{96B2007C-F7BF-4BFF-8D57-FEEEC70888EC}"
EndProject
Global
	GlobalSection(SolutionConfigurationPlatforms) = preSolution
		Debug|Any CPU = Debug|Any CPU
		Release|Any CPU = Release|Any CPU
	EndGlobalSection
	GlobalSection(ProjectConfigurationPlatforms) = postSolution
		{96B2007C-F7BF-4BFF-8D57-FEEEC70888EC}.Debug|Any CPU.ActiveCfg = Debug|Any CPU
		{96B2007C-F7BF-4BFF-8D57-FEEEC70888EC}.Debug|Any CPU.Build.0 = Debug|Any CPU
		{96B2007C-F7BF-4BFF-8D57-FEEEC70888EC}.Release|Any CPU.ActiveCfg = Release|Any CPU
		{96B2007C-F7BF-4BFF-8D57-FEEEC70888EC}.Release|Any CPU.Build.0 = Release|Any CPU
	EndGlobalSection
	GlobalSection(SolutionProperties) = preSolution
		HideSolutionNode = FALSE
	EndGlobalSection
	GlobalSection(ExtensibilityGlobals) = postSolution
		SolutionGuid = {953683C5-62B3-4CF9-B3A7-67922BB45811}
	EndGlobalSection
EndGlobal
